
Microsoft Visual Studio Solution File, Format Version 12.00
# Visual Studio Version 16
VisualStudioVersion = 16.0.30011.22
MinimumVisualStudioVersion = 10.0.40219.1
Project("{F184B08F-C81C-45F6-A57F-5ABD9991F28F}") = "WebApplication1", "WebApplication1\WebApplication1.vbproj", "{9CAB2B4E-EED8-4BE6-9473-677D1EE4D4AF}"
EndProject
Global
	GlobalSection(SolutionConfigurationPlatforms) = preSolution
		Debug|Any CPU = Debug|Any CPU
		Release|Any CPU = Release|Any CPU
	EndGlobalSection
	GlobalSection(ProjectConfigurationPlatforms) = postSolution
		{9CAB2B4E-EED8-4BE6-9473-677D1EE4D4AF}.Debug|Any CPU.ActiveCfg = Debug|Any CPU
		{9CAB2B4E-EED8-4BE6-9473-677D1EE4D4AF}.Debug|Any CPU.Build.0 = Debug|Any CPU
		{9CAB2B4E-EED8-4BE6-9473-677D1EE4D4AF}.Release|Any CPU.ActiveCfg = Release|Any CPU
		{9CAB2B4E-EED8-4BE6-9473-677D1EE4D4AF}.Release|Any CPU.Build.0 = Release|Any CPU
	EndGlobalSection
	GlobalSection(SolutionProperties) = preSolution
		HideSolutionNode = FALSE
	EndGlobalSection
	GlobalSection(ExtensibilityGlobals) = postSolution
		SolutionGuid = {DC4406BA-528A-4C5C-BFFF-C03EF6C420BB}
	EndGlobalSection
EndGlobal
